
Microsoft Visual Studio Solution File, Format Version 12.00
# Visual Studio 15
VisualStudioVersion = 15.0.27004.2010
MinimumVisualStudioVersion = 10.0.40219.1
Project("{FAE04EC0-301F-11D3-BF4B-00C04F79EFBC}") = "Alpheus.Core", "Alpheus.Core\Alpheus.Core.csproj", "{05D0493C-DB7B-4013-9E13-D79ACB836BE6}"
EndProject
Project("{FAE04EC0-301F-11D3-BF4B-00C04F79EFBC}") = "Alpheus.Tests", "Alpheus.Tests\Alpheus.Tests.csproj", "{194B35DB-15AA-4784-8671-6755A07DE583}"
EndProject
Project("{FAE04EC0-301F-11D3-BF4B-00C04F79EFBC}") = "Alpheus.CommandLine", "Alpheus.CommandLine\Alpheus.CommandLine.csproj", "{4FC90EA3-D2A0-4052-AE98-55ABC1A28FED}"
EndProject
Project("{2150E333-8FDC-42A3-9474-1A3956D46DE8}") = "Solution Items", "Solution Items", "{B7A87714-A384-4D44-8C51-7E091C4ECFBD}"
	ProjectSection(SolutionItems) = preProject
		al = al
		alc.cmd = alc.cmd
		LICENSE = LICENSE
		README.md = README.md
	EndProjectSection
EndProject
Project("{9A19103F-16F7-4668-BE54-9A1E7A4F7556}") = "Alpheus.Core.NETStandard", "Alpheus.Core\Alpheus.Core.NETStandard.csproj", "{B866374C-97A8-4F50-89BE-D1D6FA2EE534}"
EndProject
Project("{9A19103F-16F7-4668-BE54-9A1E7A4F7556}") = "Alpheus.CommandLine.NETCore", "Alpheus.CommandLine\Alpheus.CommandLine.NETCore.csproj", "{475EB302-EED9-4B75-B8A7-8DA0DA82F21B}"
EndProject
Global
	GlobalSection(SolutionConfigurationPlatforms) = preSolution
		Debug|Any CPU = Debug|Any CPU
		Release|Any CPU = Release|Any CPU
	EndGlobalSection
	GlobalSection(ProjectConfigurationPlatforms) = postSolution
		{05D0493C-DB7B-4013-9E13-D79ACB836BE6}.Debug|Any CPU.ActiveCfg = Debug|Any CPU
		{05D0493C-DB7B-4013-9E13-D79ACB836BE6}.Debug|Any CPU.Build.0 = Debug|Any CPU
		{05D0493C-DB7B-4013-9E13-D79ACB836BE6}.Release|Any CPU.ActiveCfg = Release|Any CPU
		{05D0493C-DB7B-4013-9E13-D79ACB836BE6}.Release|Any CPU.Build.0 = Release|Any CPU
		{194B35DB-15AA-4784-8671-6755A07DE583}.Debug|Any CPU.ActiveCfg = Debug|Any CPU
		{194B35DB-15AA-4784-8671-6755A07DE583}.Debug|Any CPU.Build.0 = Debug|Any CPU
		{194B35DB-15AA-4784-8671-6755A07DE583}.Release|Any CPU.ActiveCfg = Release|Any CPU
		{194B35DB-15AA-4784-8671-6755A07DE583}.Release|Any CPU.Build.0 = Release|Any CPU
		{4FC90EA3-D2A0-4052-AE98-55ABC1A28FED}.Debug|Any CPU.ActiveCfg = Debug|Any CPU
		{4FC90EA3-D2A0-4052-AE98-55ABC1A28FED}.Debug|Any CPU.Build.0 = Debug|Any CPU
		{4FC90EA3-D2A0-4052-AE98-55ABC1A28FED}.Release|Any CPU.ActiveCfg = Release|Any CPU
		{4FC90EA3-D2A0-4052-AE98-55ABC1A28FED}.Release|Any CPU.Build.0 = Release|Any CPU
		{B866374C-97A8-4F50-89BE-D1D6FA2EE534}.Debug|Any CPU.ActiveCfg = Debug|Any CPU
		{B866374C-97A8-4F50-89BE-D1D6FA2EE534}.Debug|Any CPU.Build.0 = Debug|Any CPU
		{B866374C-97A8-4F50-89BE-D1D6FA2EE534}.Release|Any CPU.ActiveCfg = Release|Any CPU
		{B866374C-97A8-4F50-89BE-D1D6FA2EE534}.Release|Any CPU.Build.0 = Release|Any CPU
		{475EB302-EED9-4B75-B8A7-8DA0DA82F21B}.Debug|Any CPU.ActiveCfg = Debug|Any CPU
		{475EB302-EED9-4B75-B8A7-8DA0DA82F21B}.Debug|Any CPU.Build.0 = Debug|Any CPU
		{475EB302-EED9-4B75-B8A7-8DA0DA82F21B}.Release|Any CPU.ActiveCfg = Release|Any CPU
		{475EB302-EED9-4B75-B8A7-8DA0DA82F21B}.Release|Any CPU.Build.0 = Release|Any CPU
	EndGlobalSection
	GlobalSection(SolutionProperties) = preSolution
		HideSolutionNode = FALSE
	EndGlobalSection
	GlobalSection(NestedProjects) = preSolution
		{475EB302-EED9-4B75-B8A7-8DA0DA82F21B} = {B7A87714-A384-4D44-8C51-7E091C4ECFBD}
	EndGlobalSection
	GlobalSection(ExtensibilityGlobals) = postSolution
		SolutionGuid = {9A4DD9F5-7BD1-484D-87CC-AFE6E8B85AFF}
	EndGlobalSection
EndGlobal
